// !$*UTF8*$!
{
	archiveVersion = 1;
	classes = {
	};
	objectVersion = 48;
	objects = {

/* Begin PBXBuildFile section */
		02B8207282AC610290CCC3AA /* Pods_NotchIt.framework in Frameworks */ = {isa = PBXBuildFile; fileRef = 1B71DAA475036E8A86861577 /* Pods_NotchIt.framework */; };
		7DF314858826E2152DF70CF8 /* Pods_NotchItTests.framework in Frameworks */ = {isa = PBXBuildFile; fileRef = B4B9097E9DA5550AE3CACF50 /* Pods_NotchItTests.framework */; };
		9A0DFEE31FB0CBD300BC7C36 /* PhotoThumbnailCell.swift in Sources */ = {isa = PBXBuildFile; fileRef = 9A0DFEE21FB0CBD300BC7C36 /* PhotoThumbnailCell.swift */; };
		9A32E7171FB64E9D00A9287A /* CustomPhotoAlbum.swift in Sources */ = {isa = PBXBuildFile; fileRef = 9A32E7161FB64E9D00A9287A /* CustomPhotoAlbum.swift */; };
		9A4F004D1FAE966A00A8D4D8 /* AppDelegate.swift in Sources */ = {isa = PBXBuildFile; fileRef = 9A4F004C1FAE966A00A8D4D8 /* AppDelegate.swift */; };
		9A4F004F1FAE966A00A8D4D8 /* ViewController.swift in Sources */ = {isa = PBXBuildFile; fileRef = 9A4F004E1FAE966A00A8D4D8 /* ViewController.swift */; };
		9A4F00521FAE966A00A8D4D8 /* Main.storyboard in Resources */ = {isa = PBXBuildFile; fileRef = 9A4F00501FAE966A00A8D4D8 /* Main.storyboard */; };
		9A4F00541FAE966A00A8D4D8 /* Assets.xcassets in Resources */ = {isa = PBXBuildFile; fileRef = 9A4F00531FAE966A00A8D4D8 /* Assets.xcassets */; };
		9A4F00571FAE966A00A8D4D8 /* LaunchScreen.storyboard in Resources */ = {isa = PBXBuildFile; fileRef = 9A4F00551FAE966A00A8D4D8 /* LaunchScreen.storyboard */; };
		9A4F00621FAE966A00A8D4D8 /* NotchItTests.swift in Sources */ = {isa = PBXBuildFile; fileRef = 9A4F00611FAE966A00A8D4D8 /* NotchItTests.swift */; };
		9A4F006D1FAE966A00A8D4D8 /* NotchItUITests.swift in Sources */ = {isa = PBXBuildFile; fileRef = 9A4F006C1FAE966A00A8D4D8 /* NotchItUITests.swift */; };
		AF160F31B151812E754B7AAC /* Pods_NotchItUITests.framework in Frameworks */ = {isa = PBXBuildFile; fileRef = ACECA2B59A758B1B2525F091 /* Pods_NotchItUITests.framework */; };
/* End PBXBuildFile section */

/* Begin PBXContainerItemProxy section */
		9A4F005E1FAE966A00A8D4D8 /* PBXContainerItemProxy */ = {
			isa = PBXContainerItemProxy;
			containerPortal = 9A4F00411FAE966900A8D4D8 /* Project object */;
			proxyType = 1;
			remoteGlobalIDString = 9A4F00481FAE966900A8D4D8;
			remoteInfo = NotchIt;
		};
		9A4F00691FAE966A00A8D4D8 /* PBXContainerItemProxy */ = {
			isa = PBXContainerItemProxy;
			containerPortal = 9A4F00411FAE966900A8D4D8 /* Project object */;
			proxyType = 1;
			remoteGlobalIDString = 9A4F00481FAE966900A8D4D8;
			remoteInfo = NotchIt;
		};
/* End PBXContainerItemProxy section */

/* Begin PBXFileReference section */
		178A33D3A4AA5F516EB02D27 /* Pods-NotchItUITests.debug.xcconfig */ = {isa = PBXFileReference; includeInIndex = 1; lastKnownFileType = text.xcconfig; name = "Pods-NotchItUITests.debug.xcconfig"; path = "Pods/Target Support Files/Pods-NotchItUITests/Pods-NotchItUITests.debug.xcconfig"; sourceTree = "<group>"; };
		1860E203EBC79616E86FECF2 /* Pods-NotchItUITests.release.xcconfig */ = {isa = PBXFileReference; includeInIndex = 1; lastKnownFileType = text.xcconfig; name = "Pods-NotchItUITests.release.xcconfig"; path = "Pods/Target Support Files/Pods-NotchItUITests/Pods-NotchItUITests.release.xcconfig"; sourceTree = "<group>"; };
		1B71DAA475036E8A86861577 /* Pods_NotchIt.framework */ = {isa = PBXFileReference; explicitFileType = wrapper.framework; includeInIndex = 0; path = Pods_NotchIt.framework; sourceTree = BUILT_PRODUCTS_DIR; };
		747BA0DAA84ACB2624DD20CE /* Pods-NotchItTests.release.xcconfig */ = {isa = PBXFileReference; includeInIndex = 1; lastKnownFileType = text.xcconfig; name = "Pods-NotchItTests.release.xcconfig"; path = "Pods/Target Support Files/Pods-NotchItTests/Pods-NotchItTests.release.xcconfig"; sourceTree = "<group>"; };
		9A0DFEE21FB0CBD300BC7C36 /* PhotoThumbnailCell.swift */ = {isa = PBXFileReference; fileEncoding = 4; lastKnownFileType = sourcecode.swift; path = PhotoThumbnailCell.swift; sourceTree = "<group>"; };
		9A32E7161FB64E9D00A9287A /* CustomPhotoAlbum.swift */ = {isa = PBXFileReference; lastKnownFileType = sourcecode.swift; path = CustomPhotoAlbum.swift; sourceTree = "<group>"; };
		9A32E71F1FB7E31F00A9287A /* NotchIt-Bridging-Header.h */ = {isa = PBXFileReference; lastKnownFileType = sourcecode.c.h; path = "NotchIt-Bridging-Header.h"; sourceTree = "<group>"; };
		9A32E7211FB7E3A400A9287A /* MBProgressHUD.framework */ = {isa = PBXFileReference; explicitFileType = wrapper.framework; path = MBProgressHUD.framework; sourceTree = BUILT_PRODUCTS_DIR; };
		9A32E7231FB7E43A00A9287A /* MBProgressHUD.framework */ = {isa = PBXFileReference; explicitFileType = wrapper.framework; path = MBProgressHUD.framework; sourceTree = BUILT_PRODUCTS_DIR; };
		9A4F00491FAE966A00A8D4D8 /* NotchIt.app */ = {isa = PBXFileReference; explicitFileType = wrapper.application; includeInIndex = 0; path = NotchIt.app; sourceTree = BUILT_PRODUCTS_DIR; };
		9A4F004C1FAE966A00A8D4D8 /* AppDelegate.swift */ = {isa = PBXFileReference; lastKnownFileType = sourcecode.swift; path = AppDelegate.swift; sourceTree = "<group>"; };
		9A4F004E1FAE966A00A8D4D8 /* ViewController.swift */ = {isa = PBXFileReference; lastKnownFileType = sourcecode.swift; path = ViewController.swift; sourceTree = "<group>"; };
		9A4F00511FAE966A00A8D4D8 /* Base */ = {isa = PBXFileReference; lastKnownFileType = file.storyboard; name = Base; path = Base.lproj/Main.storyboard; sourceTree = "<group>"; };
		9A4F00531FAE966A00A8D4D8 /* Assets.xcassets */ = {isa = PBXFileReference; lastKnownFileType = folder.assetcatalog; path = Assets.xcassets; sourceTree = "<group>"; };
		9A4F00561FAE966A00A8D4D8 /* Base */ = {isa = PBXFileReference; lastKnownFileType = file.storyboard; name = Base; path = Base.lproj/LaunchScreen.storyboard; sourceTree = "<group>"; };
		9A4F00581FAE966A00A8D4D8 /* Info.plist */ = {isa = PBXFileReference; lastKnownFileType = text.plist.xml; path = Info.plist; sourceTree = "<group>"; };
		9A4F005D1FAE966A00A8D4D8 /* NotchItTests.xctest */ = {isa = PBXFileReference; explicitFileType = wrapper.cfbundle; includeInIndex = 0; path = NotchItTests.xctest; sourceTree = BUILT_PRODUCTS_DIR; };
		9A4F00611FAE966A00A8D4D8 /* NotchItTests.swift */ = {isa = PBXFileReference; lastKnownFileType = sourcecode.swift; path = NotchItTests.swift; sourceTree = "<group>"; };
		9A4F00631FAE966A00A8D4D8 /* Info.plist */ = {isa = PBXFileReference; lastKnownFileType = text.plist.xml; path = Info.plist; sourceTree = "<group>"; };
		9A4F00681FAE966A00A8D4D8 /* NotchItUITests.xctest */ = {isa = PBXFileReference; explicitFileType = wrapper.cfbundle; includeInIndex = 0; path = NotchItUITests.xctest; sourceTree = BUILT_PRODUCTS_DIR; };
		9A4F006C1FAE966A00A8D4D8 /* NotchItUITests.swift */ = {isa = PBXFileReference; lastKnownFileType = sourcecode.swift; path = NotchItUITests.swift; sourceTree = "<group>"; };
		9A4F006E1FAE966A00A8D4D8 /* Info.plist */ = {isa = PBXFileReference; lastKnownFileType = text.plist.xml; path = Info.plist; sourceTree = "<group>"; };
		A63B86E9F3E3F04AEA168453 /* Pods-NotchItTests.debug.xcconfig */ = {isa = PBXFileReference; includeInIndex = 1; lastKnownFileType = text.xcconfig; name = "Pods-NotchItTests.debug.xcconfig"; path = "Pods/Target Support Files/Pods-NotchItTests/Pods-NotchItTests.debug.xcconfig"; sourceTree = "<group>"; };
		ACECA2B59A758B1B2525F091 /* Pods_NotchItUITests.framework */ = {isa = PBXFileReference; explicitFileType = wrapper.framework; includeInIndex = 0; path = Pods_NotchItUITests.framework; sourceTree = BUILT_PRODUCTS_DIR; };
		B4B9097E9DA5550AE3CACF50 /* Pods_NotchItTests.framework */ = {isa = PBXFileReference; explicitFileType = wrapper.framework; includeInIndex = 0; path = Pods_NotchItTests.framework; sourceTree = BUILT_PRODUCTS_DIR; };
		E10A3EC2C7FA8306E0807447 /* Pods-NotchIt.debug.xcconfig */ = {isa = PBXFileReference; includeInIndex = 1; lastKnownFileType = text.xcconfig; name = "Pods-NotchIt.debug.xcconfig"; path = "Pods/Target Support Files/Pods-NotchIt/Pods-NotchIt.debug.xcconfig"; sourceTree = "<group>"; };
		F08A08618B31AD2EF7920E70 /* Pods-NotchIt.release.xcconfig */ = {isa = PBXFileReference; includeInIndex = 1; lastKnownFileType = text.xcconfig; name = "Pods-NotchIt.release.xcconfig"; path = "Pods/Target Support Files/Pods-NotchIt/Pods-NotchIt.release.xcconfig"; sourceTree = "<group>"; };
/* End PBXFileReference section */

/* Begin PBXFrameworksBuildPhase section */
		9A4F00461FAE966900A8D4D8 /* Frameworks */ = {
			isa = PBXFrameworksBuildPhase;
			buildActionMask = 2147483647;
			files = (
				02B8207282AC610290CCC3AA /* Pods_NotchIt.framework in Frameworks */,
			);
			runOnlyForDeploymentPostprocessing = 0;
		};
		9A4F005A1FAE966A00A8D4D8 /* Frameworks */ = {
			isa = PBXFrameworksBuildPhase;
			buildActionMask = 2147483647;
			files = (
				7DF314858826E2152DF70CF8 /* Pods_NotchItTests.framework in Frameworks */,
			);
			runOnlyForDeploymentPostprocessing = 0;
		};
		9A4F00651FAE966A00A8D4D8 /* Frameworks */ = {
			isa = PBXFrameworksBuildPhase;
			buildActionMask = 2147483647;
			files = (
				AF160F31B151812E754B7AAC /* Pods_NotchItUITests.framework in Frameworks */,
			);
			runOnlyForDeploymentPostprocessing = 0;
		};
/* End PBXFrameworksBuildPhase section */

/* Begin PBXGroup section */
		4630E5A22A364A0D1F99A00F /* Frameworks */ = {
			isa = PBXGroup;
			children = (
				9A32E7231FB7E43A00A9287A /* MBProgressHUD.framework */,
				9A32E7211FB7E3A400A9287A /* MBProgressHUD.framework */,
				1B71DAA475036E8A86861577 /* Pods_NotchIt.framework */,
				B4B9097E9DA5550AE3CACF50 /* Pods_NotchItTests.framework */,
				ACECA2B59A758B1B2525F091 /* Pods_NotchItUITests.framework */,
			);
			name = Frameworks;
			sourceTree = "<group>";
		};
		8305CA0F81D267F3C25FF0DE /* Pods */ = {
			isa = PBXGroup;
			children = (
				E10A3EC2C7FA8306E0807447 /* Pods-NotchIt.debug.xcconfig */,
				F08A08618B31AD2EF7920E70 /* Pods-NotchIt.release.xcconfig */,
				A63B86E9F3E3F04AEA168453 /* Pods-NotchItTests.debug.xcconfig */,
				747BA0DAA84ACB2624DD20CE /* Pods-NotchItTests.release.xcconfig */,
				178A33D3A4AA5F516EB02D27 /* Pods-NotchItUITests.debug.xcconfig */,
				1860E203EBC79616E86FECF2 /* Pods-NotchItUITests.release.xcconfig */,
			);
			name = Pods;
			sourceTree = "<group>";
		};
		9A4F00401FAE966900A8D4D8 = {
			isa = PBXGroup;
			children = (
				9A4F004B1FAE966A00A8D4D8 /* NotchIt */,
				9A4F00601FAE966A00A8D4D8 /* NotchItTests */,
				9A4F006B1FAE966A00A8D4D8 /* NotchItUITests */,
				9A4F004A1FAE966A00A8D4D8 /* Products */,
				8305CA0F81D267F3C25FF0DE /* Pods */,
				4630E5A22A364A0D1F99A00F /* Frameworks */,
			);
			sourceTree = "<group>";
		};
		9A4F004A1FAE966A00A8D4D8 /* Products */ = {
			isa = PBXGroup;
			children = (
				9A4F00491FAE966A00A8D4D8 /* NotchIt.app */,
				9A4F005D1FAE966A00A8D4D8 /* NotchItTests.xctest */,
				9A4F00681FAE966A00A8D4D8 /* NotchItUITests.xctest */,
			);
			name = Products;
			sourceTree = "<group>";
		};
		9A4F004B1FAE966A00A8D4D8 /* NotchIt */ = {
			isa = PBXGroup;
			children = (
				9A4F004C1FAE966A00A8D4D8 /* AppDelegate.swift */,
				9A4F004E1FAE966A00A8D4D8 /* ViewController.swift */,
				9A0DFEE21FB0CBD300BC7C36 /* PhotoThumbnailCell.swift */,
				9A32E7161FB64E9D00A9287A /* CustomPhotoAlbum.swift */,
				9A4F00501FAE966A00A8D4D8 /* Main.storyboard */,
				9A4F00531FAE966A00A8D4D8 /* Assets.xcassets */,
				9A4F00551FAE966A00A8D4D8 /* LaunchScreen.storyboard */,
				9A4F00581FAE966A00A8D4D8 /* Info.plist */,
				9A32E71F1FB7E31F00A9287A /* NotchIt-Bridging-Header.h */,
			);
			path = NotchIt;
			sourceTree = "<group>";
		};
		9A4F00601FAE966A00A8D4D8 /* NotchItTests */ = {
			isa = PBXGroup;
			children = (
				9A4F00611FAE966A00A8D4D8 /* NotchItTests.swift */,
				9A4F00631FAE966A00A8D4D8 /* Info.plist */,
			);
			path = NotchItTests;
			sourceTree = "<group>";
		};
		9A4F006B1FAE966A00A8D4D8 /* NotchItUITests */ = {
			isa = PBXGroup;
			children = (
				9A4F006C1FAE966A00A8D4D8 /* NotchItUITests.swift */,
				9A4F006E1FAE966A00A8D4D8 /* Info.plist */,
			);
			path = NotchItUITests;
			sourceTree = "<group>";
		};
/* End PBXGroup section */

/* Begin PBXNativeTarget section */
		9A4F00481FAE966900A8D4D8 /* NotchIt */ = {
			isa = PBXNativeTarget;
			buildConfigurationList = 9A4F00711FAE966A00A8D4D8 /* Build configuration list for PBXNativeTarget "NotchIt" */;
			buildPhases = (
				825C350DB0BC5F06FE402038 /* [CP] Check Pods Manifest.lock */,
				9A4F00451FAE966900A8D4D8 /* Sources */,
				9A4F00461FAE966900A8D4D8 /* Frameworks */,
				9A4F00471FAE966900A8D4D8 /* Resources */,
				3D75B325CD63CE2E59FD98E1 /* [CP] Embed Pods Frameworks */,
				7C9844E128AA152735EF4790 /* [CP] Copy Pods Resources */,
			);
			buildRules = (
			);
			dependencies = (
			);
			name = NotchIt;
			productName = NotchIt;
			productReference = 9A4F00491FAE966A00A8D4D8 /* NotchIt.app */;
			productType = "com.apple.product-type.application";
		};
		9A4F005C1FAE966A00A8D4D8 /* NotchItTests */ = {
			isa = PBXNativeTarget;
			buildConfigurationList = 9A4F00741FAE966A00A8D4D8 /* Build configuration list for PBXNativeTarget "NotchItTests" */;
			buildPhases = (
				01474849628ED8FA2D39EE96 /* [CP] Check Pods Manifest.lock */,
				9A4F00591FAE966A00A8D4D8 /* Sources */,
				9A4F005A1FAE966A00A8D4D8 /* Frameworks */,
				9A4F005B1FAE966A00A8D4D8 /* Resources */,
				F6518AE595E179F1CDDEC289 /* [CP] Embed Pods Frameworks */,
				235049C5D483656F6343CC83 /* [CP] Copy Pods Resources */,
			);
			buildRules = (
			);
			dependencies = (
				9A4F005F1FAE966A00A8D4D8 /* PBXTargetDependency */,
			);
			name = NotchItTests;
			productName = NotchItTests;
			productReference = 9A4F005D1FAE966A00A8D4D8 /* NotchItTests.xctest */;
			productType = "com.apple.product-type.bundle.unit-test";
		};
		9A4F00671FAE966A00A8D4D8 /* NotchItUITests */ = {
			isa = PBXNativeTarget;
			buildConfigurationList = 9A4F00771FAE966A00A8D4D8 /* Build configuration list for PBXNativeTarget "NotchItUITests" */;
			buildPhases = (
				E1D86221BB0FE26B3A703E74 /* [CP] Check Pods Manifest.lock */,
				9A4F00641FAE966A00A8D4D8 /* Sources */,
				9A4F00651FAE966A00A8D4D8 /* Frameworks */,
				9A4F00661FAE966A00A8D4D8 /* Resources */,
				D3971086602577067ADAB4AA /* [CP] Embed Pods Frameworks */,
				6B77E21FFF66541FC3B621FB /* [CP] Copy Pods Resources */,
			);
			buildRules = (
			);
			dependencies = (
				9A4F006A1FAE966A00A8D4D8 /* PBXTargetDependency */,
			);
			name = NotchItUITests;
			productName = NotchItUITests;
			productReference = 9A4F00681FAE966A00A8D4D8 /* NotchItUITests.xctest */;
			productType = "com.apple.product-type.bundle.ui-testing";
		};
/* End PBXNativeTarget section */

/* Begin PBXProject section */
		9A4F00411FAE966900A8D4D8 /* Project object */ = {
			isa = PBXProject;
			attributes = {
				LastSwiftUpdateCheck = 0910;
				LastUpgradeCheck = 0910;
				ORGANIZATIONNAME = "Hugo Yu";
				TargetAttributes = {
					9A4F00481FAE966900A8D4D8 = {
						CreatedOnToolsVersion = 9.1;
						ProvisioningStyle = Automatic;
					};
					9A4F005C1FAE966A00A8D4D8 = {
						CreatedOnToolsVersion = 9.1;
						ProvisioningStyle = Automatic;
						TestTargetID = 9A4F00481FAE966900A8D4D8;
					};
					9A4F00671FAE966A00A8D4D8 = {
						CreatedOnToolsVersion = 9.1;
						ProvisioningStyle = Automatic;
						TestTargetID = 9A4F00481FAE966900A8D4D8;
					};
				};
			};
			buildConfigurationList = 9A4F00441FAE966900A8D4D8 /* Build configuration list for PBXProject "NotchIt" */;
			compatibilityVersion = "Xcode 8.0";
			developmentRegion = en;
			hasScannedForEncodings = 0;
			knownRegions = (
				en,
				Base,
			);
			mainGroup = 9A4F00401FAE966900A8D4D8;
			productRefGroup = 9A4F004A1FAE966A00A8D4D8 /* Products */;
			projectDirPath = "";
			projectRoot = "";
			targets = (
				9A4F00481FAE966900A8D4D8 /* NotchIt */,
				9A4F005C1FAE966A00A8D4D8 /* NotchItTests */,
				9A4F00671FAE966A00A8D4D8 /* NotchItUITests */,
			);
		};
/* End PBXProject section */

/* Begin PBXResourcesBuildPhase section */
		9A4F00471FAE966900A8D4D8 /* Resources */ = {
			isa = PBXResourcesBuildPhase;
			buildActionMask = 2147483647;
			files = (
				9A4F00571FAE966A00A8D4D8 /* LaunchScreen.storyboard in Resources */,
				9A4F00541FAE966A00A8D4D8 /* Assets.xcassets in Resources */,
				9A4F00521FAE966A00A8D4D8 /* Main.storyboard in Resources */,
			);
			runOnlyForDeploymentPostprocessing = 0;
		};
		9A4F005B1FAE966A00A8D4D8 /* Resources */ = {
			isa = PBXResourcesBuildPhase;
			buildActionMask = 2147483647;
			files = (
			);
			runOnlyForDeploymentPostprocessing = 0;
		};
		9A4F00661FAE966A00A8D4D8 /* Resources */ = {
			isa = PBXResourcesBuildPhase;
			buildActionMask = 2147483647;
			files = (
			);
			runOnlyForDeploymentPostprocessing = 0;
		};
/* End PBXResourcesBuildPhase section */

/* Begin PBXShellScriptBuildPhase section */
		01474849628ED8FA2D39EE96 /* [CP] Check Pods Manifest.lock */ = {
			isa = PBXShellScriptBuildPhase;
			buildActionMask = 2147483647;
			files = (
			);
			inputPaths = (
				"${PODS_PODFILE_DIR_PATH}/Podfile.lock",
				"${PODS_ROOT}/Manifest.lock",
			);
			name = "[CP] Check Pods Manifest.lock";
			outputPaths = (
				"$(DERIVED_FILE_DIR)/Pods-NotchItTests-checkManifestLockResult.txt",
			);
			runOnlyForDeploymentPostprocessing = 0;
			shellPath = /bin/sh;
			shellScript = "diff \"${PODS_PODFILE_DIR_PATH}/Podfile.lock\" \"${PODS_ROOT}/Manifest.lock\" > /dev/null\nif [ $? != 0 ] ; then\n    # print error to STDERR\n    echo \"error: The sandbox is not in sync with the Podfile.lock. Run 'pod install' or update your CocoaPods installation.\" >&2\n    exit 1\nfi\n# This output is used by Xcode 'outputs' to avoid re-running this script phase.\necho \"SUCCESS\" > \"${SCRIPT_OUTPUT_FILE_0}\"\n";
			showEnvVarsInLog = 0;
		};
		235049C5D483656F6343CC83 /* [CP] Copy Pods Resources */ = {
			isa = PBXShellScriptBuildPhase;
			buildActionMask = 2147483647;
			files = (
			);
			inputPaths = (
			);
			name = "[CP] Copy Pods Resources";
			outputPaths = (
			);
			runOnlyForDeploymentPostprocessing = 0;
			shellPath = /bin/sh;
			shellScript = "\"${SRCROOT}/Pods/Target Support Files/Pods-NotchItTests/Pods-NotchItTests-resources.sh\"\n";
			showEnvVarsInLog = 0;
		};
		3D75B325CD63CE2E59FD98E1 /* [CP] Embed Pods Frameworks */ = {
			isa = PBXShellScriptBuildPhase;
			buildActionMask = 2147483647;
			files = (
			);
			inputPaths = (
				"${SRCROOT}/Pods/Target Support Files/Pods-NotchIt/Pods-NotchIt-frameworks.sh",
				"${BUILT_PRODUCTS_DIR}/MBProgressHUD/MBProgressHUD.framework",
			);
			name = "[CP] Embed Pods Frameworks";
			outputPaths = (
				"${TARGET_BUILD_DIR}/${FRAMEWORKS_FOLDER_PATH}/MBProgressHUD.framework",
			);
			runOnlyForDeploymentPostprocessing = 0;
			shellPath = /bin/sh;
			shellScript = "\"${SRCROOT}/Pods/Target Support Files/Pods-NotchIt/Pods-NotchIt-frameworks.sh\"\n";
			showEnvVarsInLog = 0;
		};
		6B77E21FFF66541FC3B621FB /* [CP] Copy Pods Resources */ = {
			isa = PBXShellScriptBuildPhase;
			buildActionMask = 2147483647;
			files = (
			);
			inputPaths = (
			);
			name = "[CP] Copy Pods Resources";
			outputPaths = (
			);
			runOnlyForDeploymentPostprocessing = 0;
			shellPath = /bin/sh;
			shellScript = "\"${SRCROOT}/Pods/Target Support Files/Pods-NotchItUITests/Pods-NotchItUITests-resources.sh\"\n";
			showEnvVarsInLog = 0;
		};
		7C9844E128AA152735EF4790 /* [CP] Copy Pods Resources */ = {
			isa = PBXShellScriptBuildPhase;
			buildActionMask = 2147483647;
			files = (
			);
			inputPaths = (
			);
			name = "[CP] Copy Pods Resources";
			outputPaths = (
			);
			runOnlyForDeploymentPostprocessing = 0;
			shellPath = /bin/sh;
			shellScript = "\"${SRCROOT}/Pods/Target Support Files/Pods-NotchIt/Pods-NotchIt-resources.sh\"\n";
			showEnvVarsInLog = 0;
		};
		825C350DB0BC5F06FE402038 /* [CP] Check Pods Manifest.lock */ = {
			isa = PBXShellScriptBuildPhase;
			buildActionMask = 2147483647;
			files = (
			);
			inputPaths = (
				"${PODS_PODFILE_DIR_PATH}/Podfile.lock",
				"${PODS_ROOT}/Manifest.lock",
			);
			name = "[CP] Check Pods Manifest.lock";
			outputPaths = (
				"$(DERIVED_FILE_DIR)/Pods-NotchIt-checkManifestLockResult.txt",
			);
			runOnlyForDeploymentPostprocessing = 0;
			shellPath = /bin/sh;
			shellScript = "diff \"${PODS_PODFILE_DIR_PATH}/Podfile.lock\" \"${PODS_ROOT}/Manifest.lock\" > /dev/null\nif [ $? != 0 ] ; then\n    # print error to STDERR\n    echo \"error: The sandbox is not in sync with the Podfile.lock. Run 'pod install' or update your CocoaPods installation.\" >&2\n    exit 1\nfi\n# This output is used by Xcode 'outputs' to avoid re-running this script phase.\necho \"SUCCESS\" > \"${SCRIPT_OUTPUT_FILE_0}\"\n";
			showEnvVarsInLog = 0;
		};
		D3971086602577067ADAB4AA /* [CP] Embed Pods Frameworks */ = {
			isa = PBXShellScriptBuildPhase;
			buildActionMask = 2147483647;
			files = (
			);
			inputPaths = (
			);
			name = "[CP] Embed Pods Frameworks";
			outputPaths = (
			);
			runOnlyForDeploymentPostprocessing = 0;
			shellPath = /bin/sh;
			shellScript = "\"${SRCROOT}/Pods/Target Support Files/Pods-NotchItUITests/Pods-NotchItUITests-frameworks.sh\"\n";
			showEnvVarsInLog = 0;
		};
		E1D86221BB0FE26B3A703E74 /* [CP] Check Pods Manifest.lock */ = {
			isa = PBXShellScriptBuildPhase;
			buildActionMask = 2147483647;
			files = (
			);
			inputPaths = (
				"${PODS_PODFILE_DIR_PATH}/Podfile.lock",
				"${PODS_ROOT}/Manifest.lock",
			);
			name = "[CP] Check Pods Manifest.lock";
			outputPaths = (
				"$(DERIVED_FILE_DIR)/Pods-NotchItUITests-checkManifestLockResult.txt",
			);
			runOnlyForDeploymentPostprocessing = 0;
			shellPath = /bin/sh;
			shellScript = "diff \"${PODS_PODFILE_DIR_PATH}/Podfile.lock\" \"${PODS_ROOT}/Manifest.lock\" > /dev/null\nif [ $? != 0 ] ; then\n    # print error to STDERR\n    echo \"error: The sandbox is not in sync with the Podfile.lock. Run 'pod install' or update your CocoaPods installation.\" >&2\n    exit 1\nfi\n# This output is used by Xcode 'outputs' to avoid re-running this script phase.\necho \"SUCCESS\" > \"${SCRIPT_OUTPUT_FILE_0}\"\n";
			showEnvVarsInLog = 0;
		};
		F6518AE595E179F1CDDEC289 /* [CP] Embed Pods Frameworks */ = {
			isa = PBXShellScriptBuildPhase;
			buildActionMask = 2147483647;
			files = (
			);
			inputPaths = (
			);
			name = "[CP] Embed Pods Frameworks";
			outputPaths = (
			);
			runOnlyForDeploymentPostprocessing = 0;
			shellPath = /bin/sh;
			shellScript = "\"${SRCROOT}/Pods/Target Support Files/Pods-NotchItTests/Pods-NotchItTests-frameworks.sh\"\n";
			showEnvVarsInLog = 0;
		};
/* End PBXShellScriptBuildPhase section */

/* Begin PBXSourcesBuildPhase section */
		9A4F00451FAE966900A8D4D8 /* Sources */ = {
			isa = PBXSourcesBuildPhase;
			buildActionMask = 2147483647;
			files = (
				9A0DFEE31FB0CBD300BC7C36 /* PhotoThumbnailCell.swift in Sources */,
				9A4F004F1FAE966A00A8D4D8 /* ViewController.swift in Sources */,
				9A4F004D1FAE966A00A8D4D8 /* AppDelegate.swift in Sources */,
				9A32E7171FB64E9D00A9287A /* CustomPhotoAlbum.swift in Sources */,
			);
			runOnlyForDeploymentPostprocessing = 0;
		};
		9A4F00591FAE966A00A8D4D8 /* Sources */ = {
			isa = PBXSourcesBuildPhase;
			buildActionMask = 2147483647;
			files = (
				9A4F00621FAE966A00A8D4D8 /* NotchItTests.swift in Sources */,
			);
			runOnlyForDeploymentPostprocessing = 0;
		};
		9A4F00641FAE966A00A8D4D8 /* Sources */ = {
			isa = PBXSourcesBuildPhase;
			buildActionMask = 2147483647;
			files = (
				9A4F006D1FAE966A00A8D4D8 /* NotchItUITests.swift in Sources */,
			);
			runOnlyForDeploymentPostprocessing = 0;
		};
/* End PBXSourcesBuildPhase section */

/* Begin PBXTargetDependency section */
		9A4F005F1FAE966A00A8D4D8 /* PBXTargetDependency */ = {
			isa = PBXTargetDependency;
			target = 9A4F00481FAE966900A8D4D8 /* NotchIt */;
			targetProxy = 9A4F005E1FAE966A00A8D4D8 /* PBXContainerItemProxy */;
		};
		9A4F006A1FAE966A00A8D4D8 /* PBXTargetDependency */ = {
			isa = PBXTargetDependency;
			target = 9A4F00481FAE966900A8D4D8 /* NotchIt */;
			targetProxy = 9A4F00691FAE966A00A8D4D8 /* PBXContainerItemProxy */;
		};
/* End PBXTargetDependency section */

/* Begin PBXVariantGroup section */
		9A4F00501FAE966A00A8D4D8 /* Main.storyboard */ = {
			isa = PBXVariantGroup;
			children = (
				9A4F00511FAE966A00A8D4D8 /* Base */,
			);
			name = Main.storyboard;
			sourceTree = "<group>";
		};
		9A4F00551FAE966A00A8D4D8 /* LaunchScreen.storyboard */ = {
			isa = PBXVariantGroup;
			children = (
				9A4F00561FAE966A00A8D4D8 /* Base */,
			);
			name = LaunchScreen.storyboard;
			sourceTree = "<group>";
		};
/* End PBXVariantGroup section */

/* Begin XCBuildConfiguration section */
		9A4F006F1FAE966A00A8D4D8 /* Debug */ = {
			isa = XCBuildConfiguration;
			buildSettings = {
				ALWAYS_SEARCH_USER_PATHS = NO;
				CLANG_ANALYZER_NONNULL = YES;
				CLANG_ANALYZER_NUMBER_OBJECT_CONVERSION = YES_AGGRESSIVE;
				CLANG_CXX_LANGUAGE_STANDARD = "gnu++14";
				CLANG_CXX_LIBRARY = "libc++";
				CLANG_ENABLE_MODULES = YES;
				CLANG_ENABLE_OBJC_ARC = YES;
				CLANG_WARN_BLOCK_CAPTURE_AUTORELEASING = YES;
				CLANG_WARN_BOOL_CONVERSION = YES;
				CLANG_WARN_COMMA = YES;
				CLANG_WARN_CONSTANT_CONVERSION = YES;
				CLANG_WARN_DIRECT_OBJC_ISA_USAGE = YES_ERROR;
				CLANG_WARN_DOCUMENTATION_COMMENTS = YES;
				CLANG_WARN_EMPTY_BODY = YES;
				CLANG_WARN_ENUM_CONVERSION = YES;
				CLANG_WARN_INFINITE_RECURSION = YES;
				CLANG_WARN_INT_CONVERSION = YES;
				CLANG_WARN_NON_LITERAL_NULL_CONVERSION = YES;
				CLANG_WARN_OBJC_LITERAL_CONVERSION = YES;
				CLANG_WARN_OBJC_ROOT_CLASS = YES_ERROR;
				CLANG_WARN_RANGE_LOOP_ANALYSIS = YES;
				CLANG_WARN_STRICT_PROTOTYPES = YES;
				CLANG_WARN_SUSPICIOUS_MOVE = YES;
				CLANG_WARN_UNGUARDED_AVAILABILITY = YES_AGGRESSIVE;
				CLANG_WARN_UNREACHABLE_CODE = YES;
				CLANG_WARN__DUPLICATE_METHOD_MATCH = YES;
				CODE_SIGN_IDENTITY = "iPhone Developer";
				COPY_PHASE_STRIP = NO;
				DEBUG_INFORMATION_FORMAT = dwarf;
				ENABLE_STRICT_OBJC_MSGSEND = YES;
				ENABLE_TESTABILITY = YES;
				GCC_C_LANGUAGE_STANDARD = gnu11;
				GCC_DYNAMIC_NO_PIC = NO;
				GCC_NO_COMMON_BLOCKS = YES;
				GCC_OPTIMIZATION_LEVEL = 0;
				GCC_PREPROCESSOR_DEFINITIONS = (
					"DEBUG=1",
					"$(inherited)",
				);
				GCC_WARN_64_TO_32_BIT_CONVERSION = YES;
				GCC_WARN_ABOUT_RETURN_TYPE = YES_ERROR;
				GCC_WARN_UNDECLARED_SELECTOR = YES;
				GCC_WARN_UNINITIALIZED_AUTOS = YES_AGGRESSIVE;
				GCC_WARN_UNUSED_FUNCTION = YES;
				GCC_WARN_UNUSED_VARIABLE = YES;
				IPHONEOS_DEPLOYMENT_TARGET = 11.1;
				MTL_ENABLE_DEBUG_INFO = YES;
				ONLY_ACTIVE_ARCH = YES;
				SDKROOT = iphoneos;
				SWIFT_ACTIVE_COMPILATION_CONDITIONS = DEBUG;
				SWIFT_OPTIMIZATION_LEVEL = "-Onone";
			};
			name = Debug;
		};
		9A4F00701FAE966A00A8D4D8 /* Release */ = {
			isa = XCBuildConfiguration;
			buildSettings = {
				ALWAYS_SEARCH_USER_PATHS = NO;
				CLANG_ANALYZER_NONNULL = YES;
				CLANG_ANALYZER_NUMBER_OBJECT_CONVERSION = YES_AGGRESSIVE;
				CLANG_CXX_LANGUAGE_STANDARD = "gnu++14";
				CLANG_CXX_LIBRARY = "libc++";
				CLANG_ENABLE_MODULES = YES;
				CLANG_ENABLE_OBJC_ARC = YES;
				CLANG_WARN_BLOCK_CAPTURE_AUTORELEASING = YES;
				CLANG_WARN_BOOL_CONVERSION = YES;
				CLANG_WARN_COMMA = YES;
				CLANG_WARN_CONSTANT_CONVERSION = YES;
				CLANG_WARN_DIRECT_OBJC_ISA_USAGE = YES_ERROR;
				CLANG_WARN_DOCUMENTATION_COMMENTS = YES;
				CLANG_WARN_EMPTY_BODY = YES;
				CLANG_WARN_ENUM_CONVERSION = YES;
				CLANG_WARN_INFINITE_RECURSION = YES;
				CLANG_WARN_INT_CONVERSION = YES;
				CLANG_WARN_NON_LITERAL_NULL_CONVERSION = YES;
				CLANG_WARN_OBJC_LITERAL_CONVERSION = YES;
				CLANG_WARN_OBJC_ROOT_CLASS = YES_ERROR;
				CLANG_WARN_RANGE_LOOP_ANALYSIS = YES;
				CLANG_WARN_STRICT_PROTOTYPES = YES;
				CLANG_WARN_SUSPICIOUS_MOVE = YES;
				CLANG_WARN_UNGUARDED_AVAILABILITY = YES_AGGRESSIVE;
				CLANG_WARN_UNREACHABLE_CODE = YES;
				CLANG_WARN__DUPLICATE_METHOD_MATCH = YES;
				CODE_SIGN_IDENTITY = "iPhone Developer";
				COPY_PHASE_STRIP = NO;
				DEBUG_INFORMATION_FORMAT = "dwarf-with-dsym";
				ENABLE_NS_ASSERTIONS = NO;
				ENABLE_STRICT_OBJC_MSGSEND = YES;
				GCC_C_LANGUAGE_STANDARD = gnu11;
				GCC_NO_COMMON_BLOCKS = YES;
				GCC_WARN_64_TO_32_BIT_CONVERSION = YES;
				GCC_WARN_ABOUT_RETURN_TYPE = YES_ERROR;
				GCC_WARN_UNDECLARED_SELECTOR = YES;
				GCC_WARN_UNINITIALIZED_AUTOS = YES_AGGRESSIVE;
				GCC_WARN_UNUSED_FUNCTION = YES;
				GCC_WARN_UNUSED_VARIABLE = YES;
				IPHONEOS_DEPLOYMENT_TARGET = 11.1;
				MTL_ENABLE_DEBUG_INFO = NO;
				SDKROOT = iphoneos;
				SWIFT_OPTIMIZATION_LEVEL = "-Owholemodule";
				VALIDATE_PRODUCT = YES;
			};
			name = Release;
		};
		9A4F00721FAE966A00A8D4D8 /* Debug */ = {
			isa = XCBuildConfiguration;
			baseConfigurationReference = E10A3EC2C7FA8306E0807447 /* Pods-NotchIt.debug.xcconfig */;
			buildSettings = {
				ASSETCATALOG_COMPILER_APPICON_NAME = AppIcon;
				CODE_SIGN_STYLE = Automatic;
				DEVELOPMENT_TEAM = H25L6MP3NS;
				INFOPLIST_FILE = NotchIt/Info.plist;
				IPHONEOS_DEPLOYMENT_TARGET = 11.0;
				LD_RUNPATH_SEARCH_PATHS = "$(inherited) @executable_path/Frameworks";
				PRODUCT_BUNDLE_IDENTIFIER = info.hugoyu.NotchIt;
				PRODUCT_NAME = "$(TARGET_NAME)";
				SWIFT_OBJC_BRIDGING_HEADER = "$(PROJECT_DIR)/$(PROJECT_NAME)/$(PROJECT_NAME)-Bridging-Header.h";
				SWIFT_VERSION = 4.0;
				TARGETED_DEVICE_FAMILY = 1;
			};
			name = Debug;
		};
		9A4F00731FAE966A00A8D4D8 /* Release */ = {
			isa = XCBuildConfiguration;
			baseConfigurationReference = F08A08618B31AD2EF7920E70 /* Pods-NotchIt.release.xcconfig */;
			buildSettings = {
				ASSETCATALOG_COMPILER_APPICON_NAME = AppIcon;
				CODE_SIGN_STYLE = Automatic;
				DEVELOPMENT_TEAM = H25L6MP3NS;
				INFOPLIST_FILE = NotchIt/Info.plist;
				IPHONEOS_DEPLOYMENT_TARGET = 11.0;
				LD_RUNPATH_SEARCH_PATHS = "$(inherited) @executable_path/Frameworks";
				PRODUCT_BUNDLE_IDENTIFIER = info.hugoyu.NotchIt;
				PRODUCT_NAME = "$(TARGET_NAME)";
				SWIFT_OBJC_BRIDGING_HEADER = "$(PROJECT_DIR)/$(PROJECT_NAME)/$(PROJECT_NAME)-Bridging-Header.h";
				SWIFT_VERSION = 4.0;
				TARGETED_DEVICE_FAMILY = 1;
			};
			name = Release;
		};
		9A4F00751FAE966A00A8D4D8 /* Debug */ = {
			isa = XCBuildConfiguration;
			baseConfigurationReference = A63B86E9F3E3F04AEA168453 /* Pods-NotchItTests.debug.xcconfig */;
			buildSettings = {
				ALWAYS_EMBED_SWIFT_STANDARD_LIBRARIES = YES;
				BUNDLE_LOADER = "$(TEST_HOST)";
				CODE_SIGN_STYLE = Automatic;
				INFOPLIST_FILE = NotchItTests/Info.plist;
				LD_RUNPATH_SEARCH_PATHS = "$(inherited) @executable_path/Frameworks @loader_path/Frameworks";
				PRODUCT_BUNDLE_IDENTIFIER = info.hugoyu.NotchItTests;
				PRODUCT_NAME = "$(TARGET_NAME)";
				SWIFT_VERSION = 4.0;
				TARGETED_DEVICE_FAMILY = "1,2";
				TEST_HOST = "$(BUILT_PRODUCTS_DIR)/NotchIt.app/NotchIt";
			};
			name = Debug;
		};
		9A4F00761FAE966A00A8D4D8 /* Release */ = {
			isa = XCBuildConfiguration;
			baseConfigurationReference = 747BA0DAA84ACB2624DD20CE /* Pods-NotchItTests.release.xcconfig */;
			buildSettings = {
				ALWAYS_EMBED_SWIFT_STANDARD_LIBRARIES = YES;
				BUNDLE_LOADER = "$(TEST_HOST)";
				CODE_SIGN_STYLE = Automatic;
				INFOPLIST_FILE = NotchItTests/Info.plist;
				LD_RUNPATH_SEARCH_PATHS = "$(inherited) @executable_path/Frameworks @loader_path/Frameworks";
				PRODUCT_BUNDLE_IDENTIFIER = info.hugoyu.NotchItTests;
				PRODUCT_NAME = "$(TARGET_NAME)";
				SWIFT_VERSION = 4.0;
				TARGETED_DEVICE_FAMILY = "1,2";
				TEST_HOST = "$(BUILT_PRODUCTS_DIR)/NotchIt.app/NotchIt";
			};
			name = Release;
		};
		9A4F00781FAE966A00A8D4D8 /* Debug */ = {
			isa = XCBuildConfiguration;
			baseConfigurationReference = 178A33D3A4AA5F516EB02D27 /* Pods-NotchItUITests.debug.xcconfig */;
			buildSettings = {
				ALWAYS_EMBED_SWIFT_STANDARD_LIBRARIES = YES;
				CODE_SIGN_STYLE = Automatic;
				INFOPLIST_FILE = NotchItUITests/Info.plist;
				LD_RUNPATH_SEARCH_PATHS = "$(inherited) @executable_path/Frameworks @loader_path/Frameworks";
				PRODUCT_BUNDLE_IDENTIFIER = info.hugoyu.NotchItUITests;
				PRODUCT_NAME = "$(TARGET_NAME)";
				SWIFT_VERSION = 4.0;
				TARGETED_DEVICE_FAMILY = "1,2";
				TEST_TARGET_NAME = NotchIt;
			};
			name = Debug;
		};
		9A4F00791FAE966A00A8D4D8 /* Release */ = {
			isa = XCBuildConfiguration;
			baseConfigurationReference = 1860E203EBC79616E86FECF2 /* Pods-NotchItUITests.release.xcconfig */;
			buildSettings = {
				ALWAYS_EMBED_SWIFT_STANDARD_LIBRARIES = YES;
				CODE_SIGN_STYLE = Automatic;
				INFOPLIST_FILE = NotchItUITests/Info.plist;
				LD_RUNPATH_SEARCH_PATHS = "$(inherited) @executable_path/Frameworks @loader_path/Frameworks";
				PRODUCT_BUNDLE_IDENTIFIER = info.hugoyu.NotchItUITests;
				PRODUCT_NAME = "$(TARGET_NAME)";
				SWIFT_VERSION = 4.0;
				TARGETED_DEVICE_FAMILY = "1,2";
				TEST_TARGET_NAME = NotchIt;
			};
			name = Release;
		};
/* End XCBuildConfiguration section */

/* Begin XCConfigurationList section */
		9A4F00441FAE966900A8D4D8 /* Build configuration list for PBXProject "NotchIt" */ = {
			isa = XCConfigurationList;
			buildConfigurations = (
				9A4F006F1FAE966A00A8D4D8 /* Debug */,
				9A4F00701FAE966A00A8D4D8 /* Release */,
			);
			defaultConfigurationIsVisible = 0;
			defaultConfigurationName = Release;
		};
		9A4F00711FAE966A00A8D4D8 /* Build configuration list for PBXNativeTarget "NotchIt" */ = {
			isa = XCConfigurationList;
			buildConfigurations = (
				9A4F00721FAE966A00A8D4D8 /* Debug */,
				9A4F00731FAE966A00A8D4D8 /* Release */,
			);
			defaultConfigurationIsVisible = 0;
			defaultConfigurationName = Release;
		};
		9A4F00741FAE966A00A8D4D8 /* Build configuration list for PBXNativeTarget "NotchItTests" */ = {
			isa = XCConfigurationList;
			buildConfigurations = (
				9A4F00751FAE966A00A8D4D8 /* Debug */,
				9A4F00761FAE966A00A8D4D8 /* Release */,
			);
			defaultConfigurationIsVisible = 0;
			defaultConfigurationName = Release;
		};
		9A4F00771FAE966A00A8D4D8 /* Build configuration list for PBXNativeTarget "NotchItUITests" */ = {
			isa = XCConfigurationList;
			buildConfigurations = (
				9A4F00781FAE966A00A8D4D8 /* Debug */,
				9A4F00791FAE966A00A8D4D8 /* Release */,
			);
			defaultConfigurationIsVisible = 0;
			defaultConfigurationName = Release;
		};
/* End XCConfigurationList section */
	};
	rootObject = 9A4F00411FAE966900A8D4D8 /* Project object */;
}
